
Microsoft Visual Studio Solution File, Format Version 12.00
# Visual Studio 15
VisualStudioVersion = 15.0.28307.136
MinimumVisualStudioVersion = 10.0.40219.1
Project("{FAE04EC0-301F-11D3-BF4B-00C04F79EFBC}") = "WPF-MySQL-Demo", "WPF-MySQL-Demo\WPF-MySQL-Demo.csproj", "{8F6C114E-3462-49DC-A17F-646096DEF2F1}"
EndProject
Global
	GlobalSection(SolutionConfigurationPlatforms) = preSolution
		Debug|Any CPU = Debug|Any CPU
		Release|Any CPU = Release|Any CPU
	EndGlobalSection
	GlobalSection(ProjectConfigurationPlatforms) = postSolution
		{8F6C114E-3462-49DC-A17F-646096DEF2F1}.Debug|Any CPU.ActiveCfg = Debug|Any CPU
		{8F6C114E-3462-49DC-A17F-646096DEF2F1}.Debug|Any CPU.Build.0 = Debug|Any CPU
		{8F6C114E-3462-49DC-A17F-646096DEF2F1}.Release|Any CPU.ActiveCfg = Release|Any CPU
		{8F6C114E-3462-49DC-A17F-646096DEF2F1}.Release|Any CPU.Build.0 = Release|Any CPU
	EndGlobalSection
	GlobalSection(SolutionProperties) = preSolution
		HideSolutionNode = FALSE
	EndGlobalSection
	GlobalSection(ExtensibilityGlobals) = postSolution
		SolutionGuid = {91D6BD5F-4A6A-4F7A-AD02-9A41B8B7F972}
	EndGlobalSection
EndGlobal
